
Microsoft Visual Studio Solution File, Format Version 12.00
# Visual Studio Version 16
VisualStudioVersion = 16.0.29324.140
MinimumVisualStudioVersion = 10.0.40219.1
Project("{FAE04EC0-301F-11D3-BF4B-00C04F79EFBC}") = "ControlFlowExercises", "ControlFlowExercises\ControlFlowExercises.csproj", "{AA39EE5E-EA64-4636-BF4C-608E3038C873}"
EndProject
Global
	GlobalSection(SolutionConfigurationPlatforms) = preSolution
		Debug|Any CPU = Debug|Any CPU
		Release|Any CPU = Release|Any CPU
	EndGlobalSection
	GlobalSection(ProjectConfigurationPlatforms) = postSolution
		{AA39EE5E-EA64-4636-BF4C-608E3038C873}.Debug|Any CPU.ActiveCfg = Debug|Any CPU
		{AA39EE5E-EA64-4636-BF4C-608E3038C873}.Debug|Any CPU.Build.0 = Debug|Any CPU
		{AA39EE5E-EA64-4636-BF4C-608E3038C873}.Release|Any CPU.ActiveCfg = Release|Any CPU
		{AA39EE5E-EA64-4636-BF4C-608E3038C873}.Release|Any CPU.Build.0 = Release|Any CPU
	EndGlobalSection
	GlobalSection(SolutionProperties) = preSolution
		HideSolutionNode = FALSE
	EndGlobalSection
	GlobalSection(ExtensibilityGlobals) = postSolution
		SolutionGuid = {2AE1C51D-E51A-43B2-B8F4-D4E6AB0F791C}
	EndGlobalSection
EndGlobal
