
Microsoft Visual Studio Solution File, Format Version 12.00
# Visual Studio Version 16
VisualStudioVersion = 16.0.29613.14
MinimumVisualStudioVersion = 10.0.40219.1
Project("{FAE04EC0-301F-11D3-BF4B-00C04F79EFBC}") = "Hashing_Authentication", "Hashing_Authentication\Hashing_Authentication.csproj", "{0FD31957-354E-4C70-9AD6-A42345E773EB}"
EndProject
Global
	GlobalSection(SolutionConfigurationPlatforms) = preSolution
		Debug|Any CPU = Debug|Any CPU
		Release|Any CPU = Release|Any CPU
	EndGlobalSection
	GlobalSection(ProjectConfigurationPlatforms) = postSolution
		{0FD31957-354E-4C70-9AD6-A42345E773EB}.Debug|Any CPU.ActiveCfg = Debug|Any CPU
		{0FD31957-354E-4C70-9AD6-A42345E773EB}.Debug|Any CPU.Build.0 = Debug|Any CPU
		{0FD31957-354E-4C70-9AD6-A42345E773EB}.Release|Any CPU.ActiveCfg = Release|Any CPU
		{0FD31957-354E-4C70-9AD6-A42345E773EB}.Release|Any CPU.Build.0 = Release|Any CPU
	EndGlobalSection
	GlobalSection(SolutionProperties) = preSolution
		HideSolutionNode = FALSE
	EndGlobalSection
	GlobalSection(ExtensibilityGlobals) = postSolution
		SolutionGuid = {AD219B9F-FDBE-43C2-A4F6-C6584A574359}
	EndGlobalSection
EndGlobal
